
Microsoft Visual Studio Solution File, Format Version 12.00
# Visual Studio Version 16
VisualStudioVersion = 16.0.31112.23
MinimumVisualStudioVersion = 10.0.40219.1
Project("{9A19103F-16F7-4668-BE54-9A1E7A4F7556}") = "PlumGuide.PlutoRover.Web", "src\PlumGuide.PlutoRover\PlumGuide.PlutoRover.Web.csproj", "{E01F49AD-68AA-494B-A6FE-6DF765418FDC}"
EndProject
Project("{9A19103F-16F7-4668-BE54-9A1E7A4F7556}") = "PlumbGuide.PlutoRover.Tests", "src\PlumbGuide.PlutoRover.Tests\PlumbGuide.PlutoRover.Tests.csproj", "{ECB5487B-73B9-4B87-A27D-6681993E994D}"
EndProject
Global
	GlobalSection(SolutionConfigurationPlatforms) = preSolution
		Debug|Any CPU = Debug|Any CPU
		Release|Any CPU = Release|Any CPU
	EndGlobalSection
	GlobalSection(ProjectConfigurationPlatforms) = postSolution
		{E01F49AD-68AA-494B-A6FE-6DF765418FDC}.Debug|Any CPU.ActiveCfg = Debug|Any CPU
		{E01F49AD-68AA-494B-A6FE-6DF765418FDC}.Debug|Any CPU.Build.0 = Debug|Any CPU
		{E01F49AD-68AA-494B-A6FE-6DF765418FDC}.Release|Any CPU.ActiveCfg = Release|Any CPU
		{E01F49AD-68AA-494B-A6FE-6DF765418FDC}.Release|Any CPU.Build.0 = Release|Any CPU
		{ECB5487B-73B9-4B87-A27D-6681993E994D}.Debug|Any CPU.ActiveCfg = Debug|Any CPU
		{ECB5487B-73B9-4B87-A27D-6681993E994D}.Debug|Any CPU.Build.0 = Debug|Any CPU
		{ECB5487B-73B9-4B87-A27D-6681993E994D}.Release|Any CPU.ActiveCfg = Release|Any CPU
		{ECB5487B-73B9-4B87-A27D-6681993E994D}.Release|Any CPU.Build.0 = Release|Any CPU
	EndGlobalSection
	GlobalSection(SolutionProperties) = preSolution
		HideSolutionNode = FALSE
	EndGlobalSection
	GlobalSection(ExtensibilityGlobals) = postSolution
		SolutionGuid = {CD53038D-B3C0-48D7-AEA3-077A6927D012}
	EndGlobalSection
EndGlobal
